{
  "name": "@tecla5/red-shared",
  "version": "0.0.1",
  "lockfileVersion": 1,
  "requires": true,
  "dependencies": {
    "i18next": {
      "version": "9.0.1",
      "resolved": "https://registry.npmjs.org/i18next/-/i18next-9.0.1.tgz",
      "integrity": "sha512-4DS3ACOVjzbwdusX21ciQUozaVWOTeFxE8G7NUjjTSQNG2ww3pGSAUP+whLDL4yAzj2tv9bSlfg7gysYv1zEjA=="
    },
    "inversify": {
      "version": "4.9.0",
      "resolved": "https://registry.npmjs.org/inversify/-/inversify-4.9.0.tgz",
      "integrity": "sha512-YZWIlldCJohgw5/VFOyONH//Q99P0CNdDXc2baEWX2YnwJDjfJi2CAeXXMUY0RcgX4DfKZ1A3I3WJPK++5QIBw==",
      "dev": true
    },
    "inversify-inject-decorators": {
      "version": "3.0.2",
      "resolved": "https://registry.npmjs.org/inversify-inject-decorators/-/inversify-inject-decorators-3.0.2.tgz",
      "integrity": "sha512-kM7lR4kdQPWUkKf8CpzgxksZwBnlbAiCyuIF5cCa2tblzGuVUJ27C5byDN5mOyUGUKzFD0W1Abw3R07NL7/zAA==",
      "dev": true
    },
    "jquery": {
      "version": "3.2.1",
      "resolved": "https://registry.npmjs.org/jquery/-/jquery-3.2.1.tgz",
      "integrity": "sha1-XE2d5lKvbNCncBVKYxu6ErAVx4c="
    }
  }
}
