{
  "name": "@tecla5/red-shared",
  "version": "0.0.0",
  "lockfileVersion": 1,
  "requires": true,
  "dependencies": {
    "i18next": {
      "version": "9.0.1",
      "resolved": "https://registry.npmjs.org/i18next/-/i18next-9.0.1.tgz",
      "integrity": "sha512-4DS3ACOVjzbwdusX21ciQUozaVWOTeFxE8G7NUjjTSQNG2ww3pGSAUP+whLDL4yAzj2tv9bSlfg7gysYv1zEjA=="
    }
  }
}
